
Microsoft Visual Studio Solution File, Format Version 12.00
# Visual Studio Version 17
VisualStudioVersion = 17.8.34330.188
MinimumVisualStudioVersion = 10.0.40219.1
Project("{FAE04EC0-301F-11D3-BF4B-00C04F79EFBC}") = "MachineTestProject", "MachineTestProject.csproj", "{C8EE6171-F76B-4253-85B2-1DF31281B1EA}"
EndProject
Global
	GlobalSection(SolutionConfigurationPlatforms) = preSolution
		Debug|Any CPU = Debug|Any CPU
		Release|Any CPU = Release|Any CPU
	EndGlobalSection
	GlobalSection(ProjectConfigurationPlatforms) = postSolution
		{C8EE6171-F76B-4253-85B2-1DF31281B1EA}.Debug|Any CPU.ActiveCfg = Debug|Any CPU
		{C8EE6171-F76B-4253-85B2-1DF31281B1EA}.Debug|Any CPU.Build.0 = Debug|Any CPU
		{C8EE6171-F76B-4253-85B2-1DF31281B1EA}.Release|Any CPU.ActiveCfg = Release|Any CPU
		{C8EE6171-F76B-4253-85B2-1DF31281B1EA}.Release|Any CPU.Build.0 = Release|Any CPU
	EndGlobalSection
	GlobalSection(SolutionProperties) = preSolution
		HideSolutionNode = FALSE
	EndGlobalSection
	GlobalSection(ExtensibilityGlobals) = postSolution
		SolutionGuid = {FF90282C-EBB6-440D-9C86-A55EF932A65F}
	EndGlobalSection
EndGlobal
